
Microsoft Visual Studio Solution File, Format Version 12.00
# Visual Studio Version 17
VisualStudioVersion = 17.4.32916.344
MinimumVisualStudioVersion = 10.0.40219.1
Project("{9A19103F-16F7-4668-BE54-9A1E7A4F7556}") = "OfficeOrganizer", "OfficeOrganizer\OfficeOrganizer.csproj", "{FF52BF9B-A3BC-4E71-A6DC-B1B982D6E131}"
EndProject
Project("{9A19103F-16F7-4668-BE54-9A1E7A4F7556}") = "OfficeOrganizer.Core", "OfficeOrganizer.Core\OfficeOrganizer.Core.csproj", "{FBA334C7-D22C-4460-8297-13BDAF939789}"
EndProject
Project("{9A19103F-16F7-4668-BE54-9A1E7A4F7556}") = "OfficeOrganizer.Tests.MSTest", "OfficeOrganizer.Tests.MSTest\OfficeOrganizer.Tests.MSTest.csproj", "{994770F4-8FAC-4FA2-B755-7AB8843AAF3D}"
EndProject
Project("{2150E333-8FDC-42A3-9474-1A3956D46DE8}") = "Solution Items", "Solution Items", "{D924376E-DDA8-4598-B3C9-934473C3407B}"
	ProjectSection(SolutionItems) = preProject
		README.md = README.md
	EndProjectSection
EndProject
Global
	GlobalSection(SolutionConfigurationPlatforms) = preSolution
		Debug|Any CPU = Debug|Any CPU
		Debug|arm64 = Debug|arm64
		Debug|x64 = Debug|x64
		Debug|x86 = Debug|x86
		Release|Any CPU = Release|Any CPU
		Release|arm64 = Release|arm64
		Release|x64 = Release|x64
		Release|x86 = Release|x86
	EndGlobalSection
	GlobalSection(ProjectConfigurationPlatforms) = postSolution
		{FF52BF9B-A3BC-4E71-A6DC-B1B982D6E131}.Debug|Any CPU.ActiveCfg = Debug|x64
		{FF52BF9B-A3BC-4E71-A6DC-B1B982D6E131}.Debug|Any CPU.Build.0 = Debug|x64
		{FF52BF9B-A3BC-4E71-A6DC-B1B982D6E131}.Debug|arm64.ActiveCfg = Debug|arm64
		{FF52BF9B-A3BC-4E71-A6DC-B1B982D6E131}.Debug|arm64.Build.0 = Debug|arm64
		{FF52BF9B-A3BC-4E71-A6DC-B1B982D6E131}.Debug|x64.ActiveCfg = Debug|x64
		{FF52BF9B-A3BC-4E71-A6DC-B1B982D6E131}.Debug|x64.Build.0 = Debug|x64
		{FF52BF9B-A3BC-4E71-A6DC-B1B982D6E131}.Debug|x64.Deploy.0 = Debug|x64
		{FF52BF9B-A3BC-4E71-A6DC-B1B982D6E131}.Debug|x86.ActiveCfg = Debug|x86
		{FF52BF9B-A3BC-4E71-A6DC-B1B982D6E131}.Debug|x86.Build.0 = Debug|x86
		{FF52BF9B-A3BC-4E71-A6DC-B1B982D6E131}.Debug|x86.Deploy.0 = Debug|x86
		{FF52BF9B-A3BC-4E71-A6DC-B1B982D6E131}.Release|Any CPU.ActiveCfg = Release|x64
		{FF52BF9B-A3BC-4E71-A6DC-B1B982D6E131}.Release|Any CPU.Build.0 = Release|x64
		{FF52BF9B-A3BC-4E71-A6DC-B1B982D6E131}.Release|arm64.ActiveCfg = Release|arm64
		{FF52BF9B-A3BC-4E71-A6DC-B1B982D6E131}.Release|arm64.Build.0 = Release|arm64
		{FF52BF9B-A3BC-4E71-A6DC-B1B982D6E131}.Release|x64.ActiveCfg = Release|x64
		{FF52BF9B-A3BC-4E71-A6DC-B1B982D6E131}.Release|x64.Build.0 = Release|x64
		{FF52BF9B-A3BC-4E71-A6DC-B1B982D6E131}.Release|x86.ActiveCfg = Release|x86
		{FF52BF9B-A3BC-4E71-A6DC-B1B982D6E131}.Release|x86.Build.0 = Release|x86
		{FBA334C7-D22C-4460-8297-13BDAF939789}.Debug|Any CPU.ActiveCfg = Debug|Any CPU
		{FBA334C7-D22C-4460-8297-13BDAF939789}.Debug|Any CPU.Build.0 = Debug|Any CPU
		{FBA334C7-D22C-4460-8297-13BDAF939789}.Debug|arm64.ActiveCfg = Debug|arm64
		{FBA334C7-D22C-4460-8297-13BDAF939789}.Debug|arm64.Build.0 = Debug|arm64
		{FBA334C7-D22C-4460-8297-13BDAF939789}.Debug|x64.ActiveCfg = Debug|x64
		{FBA334C7-D22C-4460-8297-13BDAF939789}.Debug|x64.Build.0 = Debug|x64
		{FBA334C7-D22C-4460-8297-13BDAF939789}.Debug|x86.ActiveCfg = Debug|x86
		{FBA334C7-D22C-4460-8297-13BDAF939789}.Debug|x86.Build.0 = Debug|x86
		{FBA334C7-D22C-4460-8297-13BDAF939789}.Release|Any CPU.ActiveCfg = Release|Any CPU
		{FBA334C7-D22C-4460-8297-13BDAF939789}.Release|Any CPU.Build.0 = Release|Any CPU
		{FBA334C7-D22C-4460-8297-13BDAF939789}.Release|arm64.ActiveCfg = Release|arm64
		{FBA334C7-D22C-4460-8297-13BDAF939789}.Release|arm64.Build.0 = Release|arm64
		{FBA334C7-D22C-4460-8297-13BDAF939789}.Release|x64.ActiveCfg = Release|x64
		{FBA334C7-D22C-4460-8297-13BDAF939789}.Release|x64.Build.0 = Release|x64
		{FBA334C7-D22C-4460-8297-13BDAF939789}.Release|x86.ActiveCfg = Release|x86
		{FBA334C7-D22C-4460-8297-13BDAF939789}.Release|x86.Build.0 = Release|x86
		{994770F4-8FAC-4FA2-B755-7AB8843AAF3D}.Debug|Any CPU.ActiveCfg = Debug|x64
		{994770F4-8FAC-4FA2-B755-7AB8843AAF3D}.Debug|Any CPU.Build.0 = Debug|x64
		{994770F4-8FAC-4FA2-B755-7AB8843AAF3D}.Debug|arm64.ActiveCfg = Debug|arm64
		{994770F4-8FAC-4FA2-B755-7AB8843AAF3D}.Debug|arm64.Build.0 = Debug|arm64
		{994770F4-8FAC-4FA2-B755-7AB8843AAF3D}.Debug|x64.ActiveCfg = Debug|x64
		{994770F4-8FAC-4FA2-B755-7AB8843AAF3D}.Debug|x64.Build.0 = Debug|x64
		{994770F4-8FAC-4FA2-B755-7AB8843AAF3D}.Debug|x86.ActiveCfg = Debug|x86
		{994770F4-8FAC-4FA2-B755-7AB8843AAF3D}.Debug|x86.Build.0 = Debug|x86
		{994770F4-8FAC-4FA2-B755-7AB8843AAF3D}.Release|Any CPU.ActiveCfg = Release|x64
		{994770F4-8FAC-4FA2-B755-7AB8843AAF3D}.Release|Any CPU.Build.0 = Release|x64
		{994770F4-8FAC-4FA2-B755-7AB8843AAF3D}.Release|arm64.ActiveCfg = Release|arm64
		{994770F4-8FAC-4FA2-B755-7AB8843AAF3D}.Release|arm64.Build.0 = Release|arm64
		{994770F4-8FAC-4FA2-B755-7AB8843AAF3D}.Release|x64.ActiveCfg = Release|x64
		{994770F4-8FAC-4FA2-B755-7AB8843AAF3D}.Release|x64.Build.0 = Release|x64
		{994770F4-8FAC-4FA2-B755-7AB8843AAF3D}.Release|x86.ActiveCfg = Release|x86
		{994770F4-8FAC-4FA2-B755-7AB8843AAF3D}.Release|x86.Build.0 = Release|x86
	EndGlobalSection
	GlobalSection(SolutionProperties) = preSolution
		HideSolutionNode = FALSE
	EndGlobalSection
	GlobalSection(ExtensibilityGlobals) = postSolution
		SolutionGuid = {F0400203-CF16-4630-9042-5FD6B5224EAA}
	EndGlobalSection
EndGlobal
